<Solution>
  <Project Path="ConsoleApp1/Ejercicio18.csproj" Id="654a27dd-6310-4b15-a563-d20a25994596" />
  <Project Path="Ejercicio1/Ejercicio1.csproj" />
  <Project Path="Ejercicio10/Ejercicio10.csproj" Id="ee133095-4f3b-4d28-939b-322e3a711674" />
  <Project Path="Ejercicio11/Ejercicio11.csproj" Id="8dbcf823-7cab-4ffd-a35e-35b154327409" />
  <Project Path="Ejercicio12/Ejercicio12.csproj" Id="62fc4c2a-dfdd-4fda-b350-56bcaa35982a" />
  <Project Path="Ejercicio13/Ejercicio13.csproj" Id="3b531f86-3b7d-41f3-b6da-c774da701025" />
  <Project Path="Ejercicio14/Ejercicio14.csproj" Id="baeaa08d-9cc2-4fe9-81b3-6490b8aeab21" />
  <Project Path="Ejercicio15/Ejercicio15.csproj" Id="a993773e-d31c-4e0e-bfef-b482040a7ccb" />
  <Project Path="Ejercicio16/Ejercicio16.csproj" Id="d3815bf3-6bb9-48a7-a64b-62346e42e0b1" />
  <Project Path="Ejercicio17/Ejercicio17.csproj" Id="35a1c95a-cd7a-4905-8435-18c61230b15a" />
  <Project Path="Ejercicio19/Ejercicio19.csproj" Id="f5e3556c-bac3-497a-9e6b-67fd335283cb" />
  <Project Path="Ejercicio2/Ejercicio2.csproj" />
  <Project Path="Ejercicio20/Ejercicio20.csproj" Id="3f58641f-cc38-4930-a030-4a989f7abdc5" />
  <Project Path="Ejercicio21/Ejercicio21.csproj" Id="7c7d6cef-3c38-470c-91dc-e790bb7149fd" />
  <Project Path="Ejercicio22/Ejercicio22.csproj" Id="8a4753dd-ab35-4fcc-9dd6-4eda2c3538b2" />
  <Project Path="Ejercicio23/Ejercicio23.csproj" Id="b1bf54e4-417e-4cc9-b89f-75acd4d9138b" />
  <Project Path="Ejercicio24/Ejercicio24.csproj" Id="ebf0afc5-ed7a-4b19-be08-e31ca6e4373d" />
  <Project Path="Ejercicio25/Ejercicio25.csproj" Id="52805fcd-aa62-4ebb-945c-07d811a1fb0c" />
  <Project Path="Ejercicio3/Ejercicio3.csproj" />
  <Project Path="Ejercicio4/Ejercicio4.csproj" />
  <Project Path="Ejercicio5/Ejercicio5.csproj" />
  <Project Path="Ejercicio6/Ejercicio6.csproj" />
  <Project Path="Ejercicio7/Ejercicio7.csproj" Id="1253b7de-51f6-4f88-8a13-c69137b6d224" />
  <Project Path="Ejercicio8/Ejercicio8.csproj" Id="278e1051-1e0d-4206-b98c-a88b70195da6" />
  <Project Path="Ejercicio9/Ejercicio9.csproj" Id="89a33569-f8a3-42b1-bbd7-4c2615d9557c" />
</Solution>
